lockfileVersion: '6.1'

settings:
  autoInstallPeers: true
  excludeLinksFromLockfile: false

dependencies:
  multicast-dns:
    specifier: ^7.2.5
    version: 7.2.5

packages:

  /@leichtgewicht/ip-codec@2.0.4:
    resolution: {integrity: sha512-Hcv+nVC0kZnQ3tD9GVu5xSMR4VVYOteQIr/hwFPVEvPdlXqgGEuRjiheChHgdM+JyqdgNcmzZOX/tnl0JOiI7A==}
    dev: false

  /dns-packet@5.6.0:
    resolution: {integrity: sha512-rza3UH1LwdHh9qyPXp8lkwpjSNk/AMD3dPytUoRoqnypDUhY0xvbdmVhWOfxO68frEfV9BU8V12Ez7ZsHGZpCQ==}
    engines: {node: '>=6'}
    dependencies:
      '@leichtgewicht/ip-codec': 2.0.4
    dev: false

  /multicast-dns@7.2.5:
    resolution: {integrity: sha512-2eznPJP8z2BFLX50tf0LuODrpINqP1RVIm/CObbTcBRITQgmC/TjcREF1NeTBzIcR5XO/ukWo+YHOjBbFwIupg==}
    hasBin: true
    dependencies:
      dns-packet: 5.6.0
      thunky: 1.1.0
    dev: false

  /thunky@1.1.0:
    resolution: {integrity: sha512-eHY7nBftgThBqOyHGVN+l8gF0BucP09fMo0oO/Lb0w1OF80dJv+lDVpXG60WMQvkcxAkNybKsrEIE3ZtKGmPrA==}
    dev: false
