lockfileVersion: '9.0'

settings:
  autoInstallPeers: true
  excludeLinksFromLockfile: false

importers:

  .:
    dependencies:
      ip:
        specifier: ^2.0.1
        version: 2.0.1

packages:

  ip@2.0.1:
    resolution: {integrity: sha512-lJUL9imLTNi1ZfXT+DU6rBBdbiKGBuay9B6xGSPVjUeQwaH1RIGqef8RZkUtHioLmSNpPR5M4HVKJGm1j8FWVQ==}

snapshots:

  ip@2.0.1: {}
