lockfileVersion: '6.1'

settings:
  autoInstallPeers: true
  excludeLinksFromLockfile: false

dependencies:
  discord-auto-rpc:
    specifier: ^1.0.17
    version: 1.0.17

packages:

  /@types/discord-rpc@4.0.5:
    resolution: {integrity: sha512-4Nd8eo/razej1fglurBJGtkv/gAEeSdGySSmWv/dn0Xh0xvNcmtdnXmzMx1IVv52jXHloSegNGFDLjLsax0JFw==}
    dev: false

  /discord-auto-rpc@1.0.17:
    resolution: {integrity: sha512-ZTK8azvfapMmwjxLAowHuOSglAens7UtBuQnL8b4VDmqzPM0K8ze1A/uPViWkJ8ROEOjZeHoK3zu0jwsQKGavQ==}
    dependencies:
      '@types/discord-rpc': 4.0.5
      discord-rpc: 3.2.0
    transitivePeerDependencies:
      - bufferutil
      - encoding
      - register-scheme
      - utf-8-validate
    dev: false

  /discord-rpc@3.2.0:
    resolution: {integrity: sha512-KJv0EVbGMlr04HoG6f5b3wD7X9kSHzQ2Ed2qfHSDvYJ1MkE8RbCQmMcQQrSvAxpfsqZgUjB/bsfi/mjyicCH+A==}
    peerDependencies:
      register-scheme: github:devsnek/node-register-scheme
    dependencies:
      node-fetch: 2.6.12
      ws: 7.5.9
    transitivePeerDependencies:
      - bufferutil
      - encoding
      - utf-8-validate
    dev: false

  /node-fetch@2.6.12:
    resolution: {integrity: sha512-C/fGU2E8ToujUivIO0H+tpQ6HWo4eEmchoPIoXtxCrVghxdKq+QOHqEZW7tuP3KlV3bC8FRMO5nMCC7Zm1VP6g==}
    engines: {node: 4.x || >=6.0.0}
    peerDependencies:
      encoding: ^0.1.0
    peerDependenciesMeta:
      encoding:
        optional: true
    dependencies:
      whatwg-url: 5.0.0
    dev: false

  /tr46@0.0.3:
    resolution: {integrity: sha512-N3WMsuqV66lT30CrXNbEjx4GEwlow3v6rr4mCcv6prnfwhS01rkgyFdjPNBYd9br7LpXV1+Emh01fHnq2Gdgrw==}
    dev: false

  /webidl-conversions@3.0.1:
    resolution: {integrity: sha512-2JAn3z8AR6rjK8Sm8orRC0h/bcl/DqL7tRPdGZ4I1CjdF+EaMLmYxBHyXuKL849eucPFhvBoxMsflfOb8kxaeQ==}
    dev: false

  /whatwg-url@5.0.0:
    resolution: {integrity: sha512-saE57nupxk6v3HY35+jzBwYa0rKSy0XR8JSxZPwgLr7ys0IBzhGviA1/TUGJLmSVqs8pb9AnvICXEuOHLprYTw==}
    dependencies:
      tr46: 0.0.3
      webidl-conversions: 3.0.1
    dev: false

  /ws@7.5.9:
    resolution: {integrity: sha512-F+P9Jil7UiSKSkppIiD94dN07AwvFixvLIj1Og1Rl9GGMuNipJnV9JzjD6XuqmAeiswGvUmNLjr5cFuXwNS77Q==}
    engines: {node: '>=8.3.0'}
    peerDependencies:
      bufferutil: ^4.0.1
      utf-8-validate: ^5.0.2
    peerDependenciesMeta:
      bufferutil:
        optional: true
      utf-8-validate:
        optional: true
    dev: false
